
Microsoft Visual Studio Solution File, Format Version 12.00
# Visual Studio Version 17
VisualStudioVersion = 17.4.33205.214
MinimumVisualStudioVersion = 10.0.40219.1
Project("{888888A0-9F3D-457C-B088-3A5042F75D52}") = "Python_Kontrolltöö_Tsüklid", "Python_Kontrolltöö_Tsüklid\Python_Kontrolltöö_Tsüklid.pyproj", "{05E4FA57-4715-4E17-BC68-08B2CF4E1E0E}"
EndProject
Global
	GlobalSection(SolutionConfigurationPlatforms) = preSolution
		Debug|Any CPU = Debug|Any CPU
		Release|Any CPU = Release|Any CPU
	EndGlobalSection
	GlobalSection(ProjectConfigurationPlatforms) = postSolution
		{05E4FA57-4715-4E17-BC68-08B2CF4E1E0E}.Debug|Any CPU.ActiveCfg = Debug|Any CPU
		{05E4FA57-4715-4E17-BC68-08B2CF4E1E0E}.Release|Any CPU.ActiveCfg = Release|Any CPU
	EndGlobalSection
	GlobalSection(SolutionProperties) = preSolution
		HideSolutionNode = FALSE
	EndGlobalSection
	GlobalSection(ExtensibilityGlobals) = postSolution
		SolutionGuid = {DCE5E924-B92F-499F-A2DD-431854E7F2E7}
	EndGlobalSection
EndGlobal
